
Microsoft Visual Studio Solution File, Format Version 12.00
# Visual Studio 2013
VisualStudioVersion = 12.0.21005.1
MinimumVisualStudioVersion = 10.0.40219.1
Project("{8BC9CEB8-8B4A-11D0-8D11-00A0C91BC942}") = "Implementing Unsortedlist", "Implementing Unsortedlist\Implementing Unsortedlist.vcxproj", "{3FFB0537-42A5-4FE5-AA00-A5A8460D70CB}"
EndProject
Project("{8BC9CEB8-8B4A-11D0-8D11-00A0C91BC942}") = "StackType", "StackType\StackType.vcxproj", "{3EB85EDC-270D-4B08-998B-53D16580FFB2}"
EndProject
Project("{8BC9CEB8-8B4A-11D0-8D11-00A0C91BC942}") = "Queue", "Queue\Queue.vcxproj", "{3C1F5C6B-D05B-43E2-9A98-00A9730A9540}"
EndProject
Global
	GlobalSection(SolutionConfigurationPlatforms) = preSolution
		Debug|Win32 = Debug|Win32
		Release|Win32 = Release|Win32
	EndGlobalSection
	GlobalSection(ProjectConfigurationPlatforms) = postSolution
		{3FFB0537-42A5-4FE5-AA00-A5A8460D70CB}.Debug|Win32.ActiveCfg = Debug|Win32
		{3FFB0537-42A5-4FE5-AA00-A5A8460D70CB}.Debug|Win32.Build.0 = Debug|Win32
		{3FFB0537-42A5-4FE5-AA00-A5A8460D70CB}.Release|Win32.ActiveCfg = Release|Win32
		{3FFB0537-42A5-4FE5-AA00-A5A8460D70CB}.Release|Win32.Build.0 = Release|Win32
		{3EB85EDC-270D-4B08-998B-53D16580FFB2}.Debug|Win32.ActiveCfg = Debug|Win32
		{3EB85EDC-270D-4B08-998B-53D16580FFB2}.Debug|Win32.Build.0 = Debug|Win32
		{3EB85EDC-270D-4B08-998B-53D16580FFB2}.Release|Win32.ActiveCfg = Release|Win32
		{3EB85EDC-270D-4B08-998B-53D16580FFB2}.Release|Win32.Build.0 = Release|Win32
		{3C1F5C6B-D05B-43E2-9A98-00A9730A9540}.Debug|Win32.ActiveCfg = Debug|Win32
		{3C1F5C6B-D05B-43E2-9A98-00A9730A9540}.Debug|Win32.Build.0 = Debug|Win32
		{3C1F5C6B-D05B-43E2-9A98-00A9730A9540}.Release|Win32.ActiveCfg = Release|Win32
		{3C1F5C6B-D05B-43E2-9A98-00A9730A9540}.Release|Win32.Build.0 = Release|Win32
	EndGlobalSection
	GlobalSection(SolutionProperties) = preSolution
		HideSolutionNode = FALSE
	EndGlobalSection
EndGlobal
